{
  "object": {
    "pins": [
      {
        "package": "MRZParser",
        "repositoryURL": "https://github.com/appintheair/MRZParser.git",
        "state": {
          "branch": "develop",
          "revision": "7f60d05d925f8e9ec0544755486140d741249b63",
          "version": null
        }
      }
    ]
  },
  "version": 1
}
