{
  "object": {
    "pins": [
      {
        "package": "MRZParser",
        "repositoryURL": "git@github.com:appintheair/MRZParser.git",
        "state": {
          "branch": null,
          "revision": "e457e219fb554d3518b236425a981c6a27d11d16",
          "version": "0.0.1"
        }
      }
    ]
  },
  "version": 1
}
