{
  "object": {
    "pins": [
      {
        "package": "MRZParser",
        "repositoryURL": "https://github.com/appintheair/MRZParser.git",
        "state": {
          "branch": "develop",
          "revision": "1033666bb463aec7045e1b324ca3d9c710437503",
          "version": null
        }
      }
    ]
  },
  "version": 1
}
