{
  "object": {
    "pins": [
      {
        "package": "MRZParser",
        "repositoryURL": "https://github.com/appintheair/MRZParser.git",
        "state": {
          "branch": "develop",
          "revision": "ac07bb279a368a16df5f340d0eb4381037889936",
          "version": null
        }
      },
      {
        "package": "MRZScanner",
        "repositoryURL": "https://github.com/appintheair/MRZScanner",
        "state": {
          "branch": "develop",
          "revision": "5e8d6b3db95838db7d9c845c0b8d33034c090233",
          "version": null
        }
      }
    ]
  },
  "version": 1
}
