{
  "object": {
    "pins": [
      {
        "package": "MRZParser",
        "repositoryURL": "https://github.com/appintheair/MRZParser.git",
        "state": {
          "branch": "develop",
          "revision": "ac07bb279a368a16df5f340d0eb4381037889936",
          "version": null
        }
      },
      {
        "package": "MRZScanner",
        "repositoryURL": "https://github.com/appintheair/MRZScanner",
        "state": {
          "branch": "develop",
          "revision": "cd7ac4d82652d7bc563d2956f7eb25f8f5f31fea",
          "version": null
        }
      }
    ]
  },
  "version": 1
}
