{
  "object": {
    "pins": [
      {
        "package": "MRZParser",
        "repositoryURL": "https://github.com/appintheair/MRZParser.git",
        "state": {
          "branch": "develop",
          "revision": "ac07bb279a368a16df5f340d0eb4381037889936",
          "version": null
        }
      },
      {
        "package": "MRZScanner",
        "repositoryURL": "https://github.com/appintheair/MRZScanner",
        "state": {
          "branch": "develop",
          "revision": "8d4e84ce5ea2d529d49db7a37db58f8a89a9d7c1",
          "version": null
        }
      }
    ]
  },
  "version": 1
}
